// !$*UTF8*$!
{
	archiveVersion = 1;
	classes = {
	};
	objectVersion = 48;
	objects = {

/* Begin PBXBuildFile section */
		819E64B11FAB7D5D007C58A6 /* AppDelegate.swift in Sources */ = {isa = PBXBuildFile; fileRef = 819E64B01FAB7D5D007C58A6 /* AppDelegate.swift */; };
		819E64B31FAB7D5D007C58A6 /* ViewController.swift in Sources */ = {isa = PBXBuildFile; fileRef = 819E64B21FAB7D5D007C58A6 /* ViewController.swift */; };
		819E64B61FAB7D5D007C58A6 /* Main.storyboard in Resources */ = {isa = PBXBuildFile; fileRef = 819E64B41FAB7D5D007C58A6 /* Main.storyboard */; };
		819E64B81FAB7D5D007C58A6 /* Assets.xcassets in Resources */ = {isa = PBXBuildFile; fileRef = 819E64B71FAB7D5D007C58A6 /* Assets.xcassets */; };
		819E64BB1FAB7D5D007C58A6 /* LaunchScreen.storyboard in Resources */ = {isa = PBXBuildFile; fileRef = 819E64B91FAB7D5D007C58A6 /* LaunchScreen.storyboard */; };
		819E64C31FAB7EAF007C58A6 /* MovieCustomTableViewCell.swift in Sources */ = {isa = PBXBuildFile; fileRef = 819E64C21FAB7EAF007C58A6 /* MovieCustomTableViewCell.swift */; };
		819E64C51FAB7F24007C58A6 /* MovieDetailedViewController.swift in Sources */ = {isa = PBXBuildFile; fileRef = 819E64C41FAB7F24007C58A6 /* MovieDetailedViewController.swift */; };
		819E64C71FAB8027007C58A6 /* Movie.swift in Sources */ = {isa = PBXBuildFile; fileRef = 819E64C61FAB8027007C58A6 /* Movie.swift */; };
		819E64C91FAB8069007C58A6 /* MovieData.swift in Sources */ = {isa = PBXBuildFile; fileRef = 819E64C81FAB8069007C58A6 /* MovieData.swift */; };
/* End PBXBuildFile section */

/* Begin PBXFileReference section */
		819E64AD1FAB7D5D007C58A6 /* MovieWithSegues.app */ = {isa = PBXFileReference; explicitFileType = wrapper.application; includeInIndex = 0; path = MovieWithSegues.app; sourceTree = BUILT_PRODUCTS_DIR; };
		819E64B01FAB7D5D007C58A6 /* AppDelegate.swift */ = {isa = PBXFileReference; lastKnownFileType = sourcecode.swift; path = AppDelegate.swift; sourceTree = "<group>"; };
		819E64B21FAB7D5D007C58A6 /* ViewController.swift */ = {isa = PBXFileReference; lastKnownFileType = sourcecode.swift; path = ViewController.swift; sourceTree = "<group>"; };
		819E64B51FAB7D5D007C58A6 /* Base */ = {isa = PBXFileReference; lastKnownFileType = file.storyboard; name = Base; path = Base.lproj/Main.storyboard; sourceTree = "<group>"; };
		819E64B71FAB7D5D007C58A6 /* Assets.xcassets */ = {isa = PBXFileReference; lastKnownFileType = folder.assetcatalog; path = Assets.xcassets; sourceTree = "<group>"; };
		819E64BA1FAB7D5D007C58A6 /* Base */ = {isa = PBXFileReference; lastKnownFileType = file.storyboard; name = Base; path = Base.lproj/LaunchScreen.storyboard; sourceTree = "<group>"; };
		819E64BC1FAB7D5D007C58A6 /* Info.plist */ = {isa = PBXFileReference; lastKnownFileType = text.plist.xml; path = Info.plist; sourceTree = "<group>"; };
		819E64C21FAB7EAF007C58A6 /* MovieCustomTableViewCell.swift */ = {isa = PBXFileReference; lastKnownFileType = sourcecode.swift; path = MovieCustomTableViewCell.swift; sourceTree = "<group>"; };
		819E64C41FAB7F24007C58A6 /* MovieDetailedViewController.swift */ = {isa = PBXFileReference; lastKnownFileType = sourcecode.swift; path = MovieDetailedViewController.swift; sourceTree = "<group>"; };
		819E64C61FAB8027007C58A6 /* Movie.swift */ = {isa = PBXFileReference; lastKnownFileType = sourcecode.swift; path = Movie.swift; sourceTree = "<group>"; };
		819E64C81FAB8069007C58A6 /* MovieData.swift */ = {isa = PBXFileReference; lastKnownFileType = sourcecode.swift; path = MovieData.swift; sourceTree = "<group>"; };
/* End PBXFileReference section */

/* Begin PBXFrameworksBuildPhase section */
		819E64AA1FAB7D5D007C58A6 /* Frameworks */ = {
			isa = PBXFrameworksBuildPhase;
			buildActionMask = 2147483647;
			files = (
			);
			runOnlyForDeploymentPostprocessing = 0;
		};
/* End PBXFrameworksBuildPhase section */

/* Begin PBXGroup section */
		819E64A41FAB7D5D007C58A6 = {
			isa = PBXGroup;
			children = (
				819E64C61FAB8027007C58A6 /* Movie.swift */,
				819E64C81FAB8069007C58A6 /* MovieData.swift */,
				819E64AF1FAB7D5D007C58A6 /* MovieWithSegues */,
				819E64AE1FAB7D5D007C58A6 /* Products */,
			);
			sourceTree = "<group>";
		};
		819E64AE1FAB7D5D007C58A6 /* Products */ = {
			isa = PBXGroup;
			children = (
				819E64AD1FAB7D5D007C58A6 /* MovieWithSegues.app */,
			);
			name = Products;
			sourceTree = "<group>";
		};
		819E64AF1FAB7D5D007C58A6 /* MovieWithSegues */ = {
			isa = PBXGroup;
			children = (
				819E64C41FAB7F24007C58A6 /* MovieDetailedViewController.swift */,
				819E64B01FAB7D5D007C58A6 /* AppDelegate.swift */,
				819E64B21FAB7D5D007C58A6 /* ViewController.swift */,
				819E64B41FAB7D5D007C58A6 /* Main.storyboard */,
				819E64C21FAB7EAF007C58A6 /* MovieCustomTableViewCell.swift */,
				819E64B71FAB7D5D007C58A6 /* Assets.xcassets */,
				819E64B91FAB7D5D007C58A6 /* LaunchScreen.storyboard */,
				819E64BC1FAB7D5D007C58A6 /* Info.plist */,
			);
			path = MovieWithSegues;
			sourceTree = "<group>";
		};
/* End PBXGroup section */

/* Begin PBXNativeTarget section */
		819E64AC1FAB7D5D007C58A6 /* MovieWithSegues */ = {
			isa = PBXNativeTarget;
			buildConfigurationList = 819E64BF1FAB7D5D007C58A6 /* Build configuration list for PBXNativeTarget "MovieWithSegues" */;
			buildPhases = (
				819E64A91FAB7D5D007C58A6 /* Sources */,
				819E64AA1FAB7D5D007C58A6 /* Frameworks */,
				819E64AB1FAB7D5D007C58A6 /* Resources */,
			);
			buildRules = (
			);
			dependencies = (
			);
			name = MovieWithSegues;
			productName = MovieWithSegues;
			productReference = 819E64AD1FAB7D5D007C58A6 /* MovieWithSegues.app */;
			productType = "com.apple.product-type.application";
		};
/* End PBXNativeTarget section */

/* Begin PBXProject section */
		819E64A51FAB7D5D007C58A6 /* Project object */ = {
			isa = PBXProject;
			attributes = {
				LastSwiftUpdateCheck = 0900;
				LastUpgradeCheck = 0900;
				ORGANIZATIONNAME = "Melissa He @ C4Q";
				TargetAttributes = {
					819E64AC1FAB7D5D007C58A6 = {
						CreatedOnToolsVersion = 9.0;
						ProvisioningStyle = Automatic;
					};
				};
			};
			buildConfigurationList = 819E64A81FAB7D5D007C58A6 /* Build configuration list for PBXProject "MovieWithSegues" */;
			compatibilityVersion = "Xcode 8.0";
			developmentRegion = en;
			hasScannedForEncodings = 0;
			knownRegions = (
				en,
				Base,
			);
			mainGroup = 819E64A41FAB7D5D007C58A6;
			productRefGroup = 819E64AE1FAB7D5D007C58A6 /* Products */;
			projectDirPath = "";
			projectRoot = "";
			targets = (
				819E64AC1FAB7D5D007C58A6 /* MovieWithSegues */,
			);
		};
/* End PBXProject section */

/* Begin PBXResourcesBuildPhase section */
		819E64AB1FAB7D5D007C58A6 /* Resources */ = {
			isa = PBXResourcesBuildPhase;
			buildActionMask = 2147483647;
			files = (
				819E64BB1FAB7D5D007C58A6 /* LaunchScreen.storyboard in Resources */,
				819E64B81FAB7D5D007C58A6 /* Assets.xcassets in Resources */,
				819E64B61FAB7D5D007C58A6 /* Main.storyboard in Resources */,
			);
			runOnlyForDeploymentPostprocessing = 0;
		};
/* End PBXResourcesBuildPhase section */

/* Begin PBXSourcesBuildPhase section */
		819E64A91FAB7D5D007C58A6 /* Sources */ = {
			isa = PBXSourcesBuildPhase;
			buildActionMask = 2147483647;
			files = (
				819E64C91FAB8069007C58A6 /* MovieData.swift in Sources */,
				819E64B31FAB7D5D007C58A6 /* ViewController.swift in Sources */,
				819E64C51FAB7F24007C58A6 /* MovieDetailedViewController.swift in Sources */,
				819E64C31FAB7EAF007C58A6 /* MovieCustomTableViewCell.swift in Sources */,
				819E64B11FAB7D5D007C58A6 /* AppDelegate.swift in Sources */,
				819E64C71FAB8027007C58A6 /* Movie.swift in Sources */,
			);
			runOnlyForDeploymentPostprocessing = 0;
		};
/* End PBXSourcesBuildPhase section */

/* Begin PBXVariantGroup section */
		819E64B41FAB7D5D007C58A6 /* Main.storyboard */ = {
			isa = PBXVariantGroup;
			children = (
				819E64B51FAB7D5D007C58A6 /* Base */,
			);
			name = Main.storyboard;
			sourceTree = "<group>";
		};
		819E64B91FAB7D5D007C58A6 /* LaunchScreen.storyboard */ = {
			isa = PBXVariantGroup;
			children = (
				819E64BA1FAB7D5D007C58A6 /* Base */,
			);
			name = LaunchScreen.storyboard;
			sourceTree = "<group>";
		};
/* End PBXVariantGroup section */

/* Begin XCBuildConfiguration section */
		819E64BD1FAB7D5D007C58A6 /* Debug */ = {
			isa = XCBuildConfiguration;
			buildSettings = {
				ALWAYS_SEARCH_USER_PATHS = NO;
				CLANG_ANALYZER_NONNULL = YES;
				CLANG_ANALYZER_NUMBER_OBJECT_CONVERSION = YES_AGGRESSIVE;
				CLANG_CXX_LANGUAGE_STANDARD = "gnu++14";
				CLANG_CXX_LIBRARY = "libc++";
				CLANG_ENABLE_MODULES = YES;
				CLANG_ENABLE_OBJC_ARC = YES;
				CLANG_WARN_BLOCK_CAPTURE_AUTORELEASING = YES;
				CLANG_WARN_BOOL_CONVERSION = YES;
				CLANG_WARN_COMMA = YES;
				CLANG_WARN_CONSTANT_CONVERSION = YES;
				CLANG_WARN_DIRECT_OBJC_ISA_USAGE = YES_ERROR;
				CLANG_WARN_DOCUMENTATION_COMMENTS = YES;
				CLANG_WARN_EMPTY_BODY = YES;
				CLANG_WARN_ENUM_CONVERSION = YES;
				CLANG_WARN_INFINITE_RECURSION = YES;
				CLANG_WARN_INT_CONVERSION = YES;
				CLANG_WARN_NON_LITERAL_NULL_CONVERSION = YES;
				CLANG_WARN_OBJC_LITERAL_CONVERSION = YES;
				CLANG_WARN_OBJC_ROOT_CLASS = YES_ERROR;
				CLANG_WARN_RANGE_LOOP_ANALYSIS = YES;
				CLANG_WARN_STRICT_PROTOTYPES = YES;
				CLANG_WARN_SUSPICIOUS_MOVE = YES;
				CLANG_WARN_UNGUARDED_AVAILABILITY = YES_AGGRESSIVE;
				CLANG_WARN_UNREACHABLE_CODE = YES;
				CLANG_WARN__DUPLICATE_METHOD_MATCH = YES;
				CODE_SIGN_IDENTITY = "iPhone Developer";
				COPY_PHASE_STRIP = NO;
				DEBUG_INFORMATION_FORMAT = dwarf;
				ENABLE_STRICT_OBJC_MSGSEND = YES;
				ENABLE_TESTABILITY = YES;
				GCC_C_LANGUAGE_STANDARD = gnu11;
				GCC_DYNAMIC_NO_PIC = NO;
				GCC_NO_COMMON_BLOCKS = YES;
				GCC_OPTIMIZATION_LEVEL = 0;
				GCC_PREPROCESSOR_DEFINITIONS = (
					"DEBUG=1",
					"$(inherited)",
				);
				GCC_WARN_64_TO_32_BIT_CONVERSION = YES;
				GCC_WARN_ABOUT_RETURN_TYPE = YES_ERROR;
				GCC_WARN_UNDECLARED_SELECTOR = YES;
				GCC_WARN_UNINITIALIZED_AUTOS = YES_AGGRESSIVE;
				GCC_WARN_UNUSED_FUNCTION = YES;
				GCC_WARN_UNUSED_VARIABLE = YES;
				IPHONEOS_DEPLOYMENT_TARGET = 11.0;
				MTL_ENABLE_DEBUG_INFO = YES;
				ONLY_ACTIVE_ARCH = YES;
				SDKROOT = iphoneos;
				SWIFT_ACTIVE_COMPILATION_CONDITIONS = DEBUG;
				SWIFT_OPTIMIZATION_LEVEL = "-Onone";
			};
			name = Debug;
		};
		819E64BE1FAB7D5D007C58A6 /* Release */ = {
			isa = XCBuildConfiguration;
			buildSettings = {
				ALWAYS_SEARCH_USER_PATHS = NO;
				CLANG_ANALYZER_NONNULL = YES;
				CLANG_ANALYZER_NUMBER_OBJECT_CONVERSION = YES_AGGRESSIVE;
				CLANG_CXX_LANGUAGE_STANDARD = "gnu++14";
				CLANG_CXX_LIBRARY = "libc++";
				CLANG_ENABLE_MODULES = YES;
				CLANG_ENABLE_OBJC_ARC = YES;
				CLANG_WARN_BLOCK_CAPTURE_AUTORELEASING = YES;
				CLANG_WARN_BOOL_CONVERSION = YES;
				CLANG_WARN_COMMA = YES;
				CLANG_WARN_CONSTANT_CONVERSION = YES;
				CLANG_WARN_DIRECT_OBJC_ISA_USAGE = YES_ERROR;
				CLANG_WARN_DOCUMENTATION_COMMENTS = YES;
				CLANG_WARN_EMPTY_BODY = YES;
				CLANG_WARN_ENUM_CONVERSION = YES;
				CLANG_WARN_INFINITE_RECURSION = YES;
				CLANG_WARN_INT_CONVERSION = YES;
				CLANG_WARN_NON_LITERAL_NULL_CONVERSION = YES;
				CLANG_WARN_OBJC_LITERAL_CONVERSION = YES;
				CLANG_WARN_OBJC_ROOT_CLASS = YES_ERROR;
				CLANG_WARN_RANGE_LOOP_ANALYSIS = YES;
				CLANG_WARN_STRICT_PROTOTYPES = YES;
				CLANG_WARN_SUSPICIOUS_MOVE = YES;
				CLANG_WARN_UNGUARDED_AVAILABILITY = YES_AGGRESSIVE;
				CLANG_WARN_UNREACHABLE_CODE = YES;
				CLANG_WARN__DUPLICATE_METHOD_MATCH = YES;
				CODE_SIGN_IDENTITY = "iPhone Developer";
				COPY_PHASE_STRIP = NO;
				DEBUG_INFORMATION_FORMAT = "dwarf-with-dsym";
				ENABLE_NS_ASSERTIONS = NO;
				ENABLE_STRICT_OBJC_MSGSEND = YES;
				GCC_C_LANGUAGE_STANDARD = gnu11;
				GCC_NO_COMMON_BLOCKS = YES;
				GCC_WARN_64_TO_32_BIT_CONVERSION = YES;
				GCC_WARN_ABOUT_RETURN_TYPE = YES_ERROR;
				GCC_WARN_UNDECLARED_SELECTOR = YES;
				GCC_WARN_UNINITIALIZED_AUTOS = YES_AGGRESSIVE;
				GCC_WARN_UNUSED_FUNCTION = YES;
				GCC_WARN_UNUSED_VARIABLE = YES;
				IPHONEOS_DEPLOYMENT_TARGET = 11.0;
				MTL_ENABLE_DEBUG_INFO = NO;
				SDKROOT = iphoneos;
				SWIFT_OPTIMIZATION_LEVEL = "-Owholemodule";
				VALIDATE_PRODUCT = YES;
			};
			name = Release;
		};
		819E64C01FAB7D5D007C58A6 /* Debug */ = {
			isa = XCBuildConfiguration;
			buildSettings = {
				ASSETCATALOG_COMPILER_APPICON_NAME = AppIcon;
				CODE_SIGN_STYLE = Automatic;
				DEVELOPMENT_TEAM = M6644XK36Y;
				INFOPLIST_FILE = MovieWithSegues/Info.plist;
				LD_RUNPATH_SEARCH_PATHS = "$(inherited) @executable_path/Frameworks";
				PRODUCT_BUNDLE_IDENTIFIER = "Melissa-He.MovieWithSegues";
				PRODUCT_NAME = "$(TARGET_NAME)";
				SWIFT_VERSION = 4.0;
				TARGETED_DEVICE_FAMILY = "1,2";
			};
			name = Debug;
		};
		819E64C11FAB7D5D007C58A6 /* Release */ = {
			isa = XCBuildConfiguration;
			buildSettings = {
				ASSETCATALOG_COMPILER_APPICON_NAME = AppIcon;
				CODE_SIGN_STYLE = Automatic;
				DEVELOPMENT_TEAM = M6644XK36Y;
				INFOPLIST_FILE = MovieWithSegues/Info.plist;
				LD_RUNPATH_SEARCH_PATHS = "$(inherited) @executable_path/Frameworks";
				PRODUCT_BUNDLE_IDENTIFIER = "Melissa-He.MovieWithSegues";
				PRODUCT_NAME = "$(TARGET_NAME)";
				SWIFT_VERSION = 4.0;
				TARGETED_DEVICE_FAMILY = "1,2";
			};
			name = Release;
		};
/* End XCBuildConfiguration section */

/* Begin XCConfigurationList section */
		819E64A81FAB7D5D007C58A6 /* Build configuration list for PBXProject "MovieWithSegues" */ = {
			isa = XCConfigurationList;
			buildConfigurations = (
				819E64BD1FAB7D5D007C58A6 /* Debug */,
				819E64BE1FAB7D5D007C58A6 /* Release */,
			);
			defaultConfigurationIsVisible = 0;
			defaultConfigurationName = Release;
		};
		819E64BF1FAB7D5D007C58A6 /* Build configuration list for PBXNativeTarget "MovieWithSegues" */ = {
			isa = XCConfigurationList;
			buildConfigurations = (
				819E64C01FAB7D5D007C58A6 /* Debug */,
				819E64C11FAB7D5D007C58A6 /* Release */,
			);
			defaultConfigurationIsVisible = 0;
			defaultConfigurationName = Release;
		};
/* End XCConfigurationList section */
	};
	rootObject = 819E64A51FAB7D5D007C58A6 /* Project object */;
}
